
Microsoft Visual Studio Solution File, Format Version 12.00
Project("{FAE04EC0-301F-11D3-BF4B-00C04F79EFBC}") = "DataArchival.Main", "DataArchival.Main\DataArchival.Main.csproj", "{91DB3C4E-A181-4A87-99E5-1A158F32D81C}"
EndProject
Project("{FAE04EC0-301F-11D3-BF4B-00C04F79EFBC}") = "DataArchival.Core", "DataArchival.Core\DataArchival.Core.csproj", "{FBFC1260-9020-41E3-BCD6-DEFEDD6A6E91}"
EndProject
Project("{2150E333-8FDC-42A3-9474-1A3956D46DE8}") = "Solution Items", "Solution Items", "{BDE8B85C-E93C-4C57-B89A-44F8AA728CA8}"
	ProjectSection(SolutionItems) = preProject
		compose.yaml = compose.yaml
	EndProjectSection
EndProject
Global
	GlobalSection(SolutionConfigurationPlatforms) = preSolution
		Debug|Any CPU = Debug|Any CPU
		Release|Any CPU = Release|Any CPU
	EndGlobalSection
	GlobalSection(ProjectConfigurationPlatforms) = postSolution
		{91DB3C4E-A181-4A87-99E5-1A158F32D81C}.Debug|Any CPU.ActiveCfg = Debug|Any CPU
		{91DB3C4E-A181-4A87-99E5-1A158F32D81C}.Debug|Any CPU.Build.0 = Debug|Any CPU
		{91DB3C4E-A181-4A87-99E5-1A158F32D81C}.Release|Any CPU.ActiveCfg = Release|Any CPU
		{91DB3C4E-A181-4A87-99E5-1A158F32D81C}.Release|Any CPU.Build.0 = Release|Any CPU
		{FBFC1260-9020-41E3-BCD6-DEFEDD6A6E91}.Debug|Any CPU.ActiveCfg = Debug|Any CPU
		{FBFC1260-9020-41E3-BCD6-DEFEDD6A6E91}.Debug|Any CPU.Build.0 = Debug|Any CPU
		{FBFC1260-9020-41E3-BCD6-DEFEDD6A6E91}.Release|Any CPU.ActiveCfg = Release|Any CPU
		{FBFC1260-9020-41E3-BCD6-DEFEDD6A6E91}.Release|Any CPU.Build.0 = Release|Any CPU
	EndGlobalSection
EndGlobal
